// !$*UTF8*$!
{
	archiveVersion = 1;
	classes = {
	};
	objectVersion = 50;
	objects = {

/* Begin PBXBuildFile section */
		5A05F45C4728FCBC567EB6BD /* Pods_SecondTask.framework in Frameworks */ = {isa = PBXBuildFile; fileRef = 2EE7EF34F2B93D66078B8964 /* Pods_SecondTask.framework */; };
		6ADFAA1821E540AF00780010 /* AppDelegate.swift in Sources */ = {isa = PBXBuildFile; fileRef = 6ADFAA1721E540AF00780010 /* AppDelegate.swift */; };
		6ADFAA1A21E540AF00780010 /* myTastVC.swift in Sources */ = {isa = PBXBuildFile; fileRef = 6ADFAA1921E540AF00780010 /* myTastVC.swift */; };
		6ADFAA1D21E540AF00780010 /* Main.storyboard in Resources */ = {isa = PBXBuildFile; fileRef = 6ADFAA1B21E540AF00780010 /* Main.storyboard */; };
		6ADFAA1F21E540B700780010 /* Assets.xcassets in Resources */ = {isa = PBXBuildFile; fileRef = 6ADFAA1E21E540B700780010 /* Assets.xcassets */; };
		6ADFAA2221E540B700780010 /* LaunchScreen.storyboard in Resources */ = {isa = PBXBuildFile; fileRef = 6ADFAA2021E540B700780010 /* LaunchScreen.storyboard */; };
		6ADFAA2E21E54DA700780010 /* TaskTableViewCell.swift in Sources */ = {isa = PBXBuildFile; fileRef = 6ADFAA2D21E54DA700780010 /* TaskTableViewCell.swift */; };
		6ADFAA3021E552E400780010 /* ViewService.swift in Sources */ = {isa = PBXBuildFile; fileRef = 6ADFAA2F21E552E400780010 /* ViewService.swift */; };
/* End PBXBuildFile section */

/* Begin PBXFileReference section */
		2EE7EF34F2B93D66078B8964 /* Pods_SecondTask.framework */ = {isa = PBXFileReference; explicitFileType = wrapper.framework; includeInIndex = 0; path = Pods_SecondTask.framework; sourceTree = BUILT_PRODUCTS_DIR; };
		65C59F1A8DE422DDC7189709 /* Pods-SecondTask.debug.xcconfig */ = {isa = PBXFileReference; includeInIndex = 1; lastKnownFileType = text.xcconfig; name = "Pods-SecondTask.debug.xcconfig"; path = "Pods/Target Support Files/Pods-SecondTask/Pods-SecondTask.debug.xcconfig"; sourceTree = "<group>"; };
		6ADFAA1421E540AF00780010 /* SecondTask.app */ = {isa = PBXFileReference; explicitFileType = wrapper.application; includeInIndex = 0; path = SecondTask.app; sourceTree = BUILT_PRODUCTS_DIR; };
		6ADFAA1721E540AF00780010 /* AppDelegate.swift */ = {isa = PBXFileReference; lastKnownFileType = sourcecode.swift; path = AppDelegate.swift; sourceTree = "<group>"; };
		6ADFAA1921E540AF00780010 /* myTastVC.swift */ = {isa = PBXFileReference; lastKnownFileType = sourcecode.swift; path = myTastVC.swift; sourceTree = "<group>"; };
		6ADFAA1C21E540AF00780010 /* Base */ = {isa = PBXFileReference; lastKnownFileType = file.storyboard; name = Base; path = Base.lproj/Main.storyboard; sourceTree = "<group>"; };
		6ADFAA1E21E540B700780010 /* Assets.xcassets */ = {isa = PBXFileReference; lastKnownFileType = folder.assetcatalog; path = Assets.xcassets; sourceTree = "<group>"; };
		6ADFAA2121E540B700780010 /* Base */ = {isa = PBXFileReference; lastKnownFileType = file.storyboard; name = Base; path = Base.lproj/LaunchScreen.storyboard; sourceTree = "<group>"; };
		6ADFAA2321E540B700780010 /* Info.plist */ = {isa = PBXFileReference; lastKnownFileType = text.plist.xml; path = Info.plist; sourceTree = "<group>"; };
		6ADFAA2D21E54DA700780010 /* TaskTableViewCell.swift */ = {isa = PBXFileReference; lastKnownFileType = sourcecode.swift; path = TaskTableViewCell.swift; sourceTree = "<group>"; };
		6ADFAA2F21E552E400780010 /* ViewService.swift */ = {isa = PBXFileReference; lastKnownFileType = sourcecode.swift; path = ViewService.swift; sourceTree = "<group>"; };
		A879931FBAD1E6B686F65107 /* Pods-SecondTask.release.xcconfig */ = {isa = PBXFileReference; includeInIndex = 1; lastKnownFileType = text.xcconfig; name = "Pods-SecondTask.release.xcconfig"; path = "Pods/Target Support Files/Pods-SecondTask/Pods-SecondTask.release.xcconfig"; sourceTree = "<group>"; };
/* End PBXFileReference section */

/* Begin PBXFrameworksBuildPhase section */
		6ADFAA1121E540AF00780010 /* Frameworks */ = {
			isa = PBXFrameworksBuildPhase;
			buildActionMask = 2147483647;
			files = (
				5A05F45C4728FCBC567EB6BD /* Pods_SecondTask.framework in Frameworks */,
			);
			runOnlyForDeploymentPostprocessing = 0;
		};
/* End PBXFrameworksBuildPhase section */

/* Begin PBXGroup section */
		6ADFAA0B21E540AF00780010 = {
			isa = PBXGroup;
			children = (
				6ADFAA2921E54D4700780010 /* Model */,
				6ADFAA2C21E54D6E00780010 /* View */,
				6ADFAA2A21E54D5000780010 /* Controller */,
				6ADFAA1621E540AF00780010 /* SecondTask */,
				6ADFAA1521E540AF00780010 /* Products */,
				FA86DF96E682A057226EA348 /* Pods */,
				E86E774F691D8B4A6B053259 /* Frameworks */,
			);
			sourceTree = "<group>";
		};
		6ADFAA1521E540AF00780010 /* Products */ = {
			isa = PBXGroup;
			children = (
				6ADFAA1421E540AF00780010 /* SecondTask.app */,
			);
			name = Products;
			sourceTree = "<group>";
		};
		6ADFAA1621E540AF00780010 /* SecondTask */ = {
			isa = PBXGroup;
			children = (
				6ADFAA1721E540AF00780010 /* AppDelegate.swift */,
				6ADFAA1E21E540B700780010 /* Assets.xcassets */,
				6ADFAA2021E540B700780010 /* LaunchScreen.storyboard */,
				6ADFAA2321E540B700780010 /* Info.plist */,
			);
			path = SecondTask;
			sourceTree = "<group>";
		};
		6ADFAA2921E54D4700780010 /* Model */ = {
			isa = PBXGroup;
			children = (
			);
			path = Model;
			sourceTree = "<group>";
		};
		6ADFAA2A21E54D5000780010 /* Controller */ = {
			isa = PBXGroup;
			children = (
				6ADFAA1921E540AF00780010 /* myTastVC.swift */,
			);
			path = Controller;
			sourceTree = "<group>";
		};
		6ADFAA2C21E54D6E00780010 /* View */ = {
			isa = PBXGroup;
			children = (
				6ADFAA1B21E540AF00780010 /* Main.storyboard */,
				6ADFAA2F21E552E400780010 /* ViewService.swift */,
				6ADFAA2D21E54DA700780010 /* TaskTableViewCell.swift */,
			);
			path = View;
			sourceTree = "<group>";
		};
		E86E774F691D8B4A6B053259 /* Frameworks */ = {
			isa = PBXGroup;
			children = (
				2EE7EF34F2B93D66078B8964 /* Pods_SecondTask.framework */,
			);
			name = Frameworks;
			sourceTree = "<group>";
		};
		FA86DF96E682A057226EA348 /* Pods */ = {
			isa = PBXGroup;
			children = (
				65C59F1A8DE422DDC7189709 /* Pods-SecondTask.debug.xcconfig */,
				A879931FBAD1E6B686F65107 /* Pods-SecondTask.release.xcconfig */,
			);
			name = Pods;
			sourceTree = "<group>";
		};
/* End PBXGroup section */

/* Begin PBXNativeTarget section */
		6ADFAA1321E540AF00780010 /* SecondTask */ = {
			isa = PBXNativeTarget;
			buildConfigurationList = 6ADFAA2621E540B700780010 /* Build configuration list for PBXNativeTarget "SecondTask" */;
			buildPhases = (
				58F843D4D330048B8EACA181 /* [CP] Check Pods Manifest.lock */,
				6ADFAA1021E540AF00780010 /* Sources */,
				6ADFAA1121E540AF00780010 /* Frameworks */,
				6ADFAA1221E540AF00780010 /* Resources */,
				8D6C108372F24CA6815BD662 /* [CP] Embed Pods Frameworks */,
			);
			buildRules = (
			);
			dependencies = (
			);
			name = SecondTask;
			productName = SecondTask;
			productReference = 6ADFAA1421E540AF00780010 /* SecondTask.app */;
			productType = "com.apple.product-type.application";
		};
/* End PBXNativeTarget section */

/* Begin PBXProject section */
		6ADFAA0C21E540AF00780010 /* Project object */ = {
			isa = PBXProject;
			attributes = {
				LastSwiftUpdateCheck = 1000;
				LastUpgradeCheck = 1000;
				ORGANIZATIONNAME = Malkhasyan;
				TargetAttributes = {
					6ADFAA1321E540AF00780010 = {
						CreatedOnToolsVersion = 10.0;
					};
				};
			};
			buildConfigurationList = 6ADFAA0F21E540AF00780010 /* Build configuration list for PBXProject "SecondTask" */;
			compatibilityVersion = "Xcode 9.3";
			developmentRegion = en;
			hasScannedForEncodings = 0;
			knownRegions = (
				en,
				Base,
			);
			mainGroup = 6ADFAA0B21E540AF00780010;
			productRefGroup = 6ADFAA1521E540AF00780010 /* Products */;
			projectDirPath = "";
			projectRoot = "";
			targets = (
				6ADFAA1321E540AF00780010 /* SecondTask */,
			);
		};
/* End PBXProject section */

/* Begin PBXResourcesBuildPhase section */
		6ADFAA1221E540AF00780010 /* Resources */ = {
			isa = PBXResourcesBuildPhase;
			buildActionMask = 2147483647;
			files = (
				6ADFAA2221E540B700780010 /* LaunchScreen.storyboard in Resources */,
				6ADFAA1F21E540B700780010 /* Assets.xcassets in Resources */,
				6ADFAA1D21E540AF00780010 /* Main.storyboard in Resources */,
			);
			runOnlyForDeploymentPostprocessing = 0;
		};
/* End PBXResourcesBuildPhase section */

/* Begin PBXShellScriptBuildPhase section */
		58F843D4D330048B8EACA181 /* [CP] Check Pods Manifest.lock */ = {
			isa = PBXShellScriptBuildPhase;
			buildActionMask = 2147483647;
			files = (
			);
			inputPaths = (
				"${PODS_PODFILE_DIR_PATH}/Podfile.lock",
				"${PODS_ROOT}/Manifest.lock",
			);
			name = "[CP] Check Pods Manifest.lock";
			outputPaths = (
				"$(DERIVED_FILE_DIR)/Pods-SecondTask-checkManifestLockResult.txt",
			);
			runOnlyForDeploymentPostprocessing = 0;
			shellPath = /bin/sh;
			shellScript = "diff \"${PODS_PODFILE_DIR_PATH}/Podfile.lock\" \"${PODS_ROOT}/Manifest.lock\" > /dev/null\nif [ $? != 0 ] ; then\n    # print error to STDERR\n    echo \"error: The sandbox is not in sync with the Podfile.lock. Run 'pod install' or update your CocoaPods installation.\" >&2\n    exit 1\nfi\n# This output is used by Xcode 'outputs' to avoid re-running this script phase.\necho \"SUCCESS\" > \"${SCRIPT_OUTPUT_FILE_0}\"\n";
			showEnvVarsInLog = 0;
		};
		8D6C108372F24CA6815BD662 /* [CP] Embed Pods Frameworks */ = {
			isa = PBXShellScriptBuildPhase;
			buildActionMask = 2147483647;
			files = (
			);
			inputPaths = (
				"${SRCROOT}/Pods/Target Support Files/Pods-SecondTask/Pods-SecondTask-frameworks.sh",
				"${BUILT_PRODUCTS_DIR}/Alamofire/Alamofire.framework",
				"${BUILT_PRODUCTS_DIR}/SwiftyJSON/SwiftyJSON.framework",
			);
			name = "[CP] Embed Pods Frameworks";
			outputPaths = (
				"${TARGET_BUILD_DIR}/${FRAMEWORKS_FOLDER_PATH}/Alamofire.framework",
				"${TARGET_BUILD_DIR}/${FRAMEWORKS_FOLDER_PATH}/SwiftyJSON.framework",
			);
			runOnlyForDeploymentPostprocessing = 0;
			shellPath = /bin/sh;
			shellScript = "\"${SRCROOT}/Pods/Target Support Files/Pods-SecondTask/Pods-SecondTask-frameworks.sh\"\n";
			showEnvVarsInLog = 0;
		};
/* End PBXShellScriptBuildPhase section */

/* Begin PBXSourcesBuildPhase section */
		6ADFAA1021E540AF00780010 /* Sources */ = {
			isa = PBXSourcesBuildPhase;
			buildActionMask = 2147483647;
			files = (
				6ADFAA3021E552E400780010 /* ViewService.swift in Sources */,
				6ADFAA1A21E540AF00780010 /* myTastVC.swift in Sources */,
				6ADFAA1821E540AF00780010 /* AppDelegate.swift in Sources */,
				6ADFAA2E21E54DA700780010 /* TaskTableViewCell.swift in Sources */,
			);
			runOnlyForDeploymentPostprocessing = 0;
		};
/* End PBXSourcesBuildPhase section */

/* Begin PBXVariantGroup section */
		6ADFAA1B21E540AF00780010 /* Main.storyboard */ = {
			isa = PBXVariantGroup;
			children = (
				6ADFAA1C21E540AF00780010 /* Base */,
			);
			name = Main.storyboard;
			sourceTree = "<group>";
		};
		6ADFAA2021E540B700780010 /* LaunchScreen.storyboard */ = {
			isa = PBXVariantGroup;
			children = (
				6ADFAA2121E540B700780010 /* Base */,
			);
			name = LaunchScreen.storyboard;
			sourceTree = "<group>";
		};
/* End PBXVariantGroup section */

/* Begin XCBuildConfiguration section */
		6ADFAA2421E540B700780010 /* Debug */ = {
			isa = XCBuildConfiguration;
			buildSettings = {
				ALWAYS_SEARCH_USER_PATHS = NO;
				CLANG_ANALYZER_NONNULL = YES;
				CLANG_ANALYZER_NUMBER_OBJECT_CONVERSION = YES_AGGRESSIVE;
				CLANG_CXX_LANGUAGE_STANDARD = "gnu++14";
				CLANG_CXX_LIBRARY = "libc++";
				CLANG_ENABLE_MODULES = YES;
				CLANG_ENABLE_OBJC_ARC = YES;
				CLANG_ENABLE_OBJC_WEAK = YES;
				CLANG_WARN_BLOCK_CAPTURE_AUTORELEASING = YES;
				CLANG_WARN_BOOL_CONVERSION = YES;
				CLANG_WARN_COMMA = YES;
				CLANG_WARN_CONSTANT_CONVERSION = YES;
				CLANG_WARN_DEPRECATED_OBJC_IMPLEMENTATIONS = YES;
				CLANG_WARN_DIRECT_OBJC_ISA_USAGE = YES_ERROR;
				CLANG_WARN_DOCUMENTATION_COMMENTS = YES;
				CLANG_WARN_EMPTY_BODY = YES;
				CLANG_WARN_ENUM_CONVERSION = YES;
				CLANG_WARN_INFINITE_RECURSION = YES;
				CLANG_WARN_INT_CONVERSION = YES;
				CLANG_WARN_NON_LITERAL_NULL_CONVERSION = YES;
				CLANG_WARN_OBJC_IMPLICIT_RETAIN_SELF = YES;
				CLANG_WARN_OBJC_LITERAL_CONVERSION = YES;
				CLANG_WARN_OBJC_ROOT_CLASS = YES_ERROR;
				CLANG_WARN_RANGE_LOOP_ANALYSIS = YES;
				CLANG_WARN_STRICT_PROTOTYPES = YES;
				CLANG_WARN_SUSPICIOUS_MOVE = YES;
				CLANG_WARN_UNGUARDED_AVAILABILITY = YES_AGGRESSIVE;
				CLANG_WARN_UNREACHABLE_CODE = YES;
				CLANG_WARN__DUPLICATE_METHOD_MATCH = YES;
				CODE_SIGN_IDENTITY = "iPhone Developer";
				COPY_PHASE_STRIP = NO;
				DEBUG_INFORMATION_FORMAT = dwarf;
				ENABLE_STRICT_OBJC_MSGSEND = YES;
				ENABLE_TESTABILITY = YES;
				GCC_C_LANGUAGE_STANDARD = gnu11;
				GCC_DYNAMIC_NO_PIC = NO;
				GCC_NO_COMMON_BLOCKS = YES;
				GCC_OPTIMIZATION_LEVEL = 0;
				GCC_PREPROCESSOR_DEFINITIONS = (
					"DEBUG=1",
					"$(inherited)",
				);
				GCC_WARN_64_TO_32_BIT_CONVERSION = YES;
				GCC_WARN_ABOUT_RETURN_TYPE = YES_ERROR;
				GCC_WARN_UNDECLARED_SELECTOR = YES;
				GCC_WARN_UNINITIALIZED_AUTOS = YES_AGGRESSIVE;
				GCC_WARN_UNUSED_FUNCTION = YES;
				GCC_WARN_UNUSED_VARIABLE = YES;
				IPHONEOS_DEPLOYMENT_TARGET = 12.0;
				MTL_ENABLE_DEBUG_INFO = INCLUDE_SOURCE;
				MTL_FAST_MATH = YES;
				ONLY_ACTIVE_ARCH = YES;
				SDKROOT = iphoneos;
				SWIFT_ACTIVE_COMPILATION_CONDITIONS = DEBUG;
				SWIFT_OPTIMIZATION_LEVEL = "-Onone";
			};
			name = Debug;
		};
		6ADFAA2521E540B700780010 /* Release */ = {
			isa = XCBuildConfiguration;
			buildSettings = {
				ALWAYS_SEARCH_USER_PATHS = NO;
				CLANG_ANALYZER_NONNULL = YES;
				CLANG_ANALYZER_NUMBER_OBJECT_CONVERSION = YES_AGGRESSIVE;
				CLANG_CXX_LANGUAGE_STANDARD = "gnu++14";
				CLANG_CXX_LIBRARY = "libc++";
				CLANG_ENABLE_MODULES = YES;
				CLANG_ENABLE_OBJC_ARC = YES;
				CLANG_ENABLE_OBJC_WEAK = YES;
				CLANG_WARN_BLOCK_CAPTURE_AUTORELEASING = YES;
				CLANG_WARN_BOOL_CONVERSION = YES;
				CLANG_WARN_COMMA = YES;
				CLANG_WARN_CONSTANT_CONVERSION = YES;
				CLANG_WARN_DEPRECATED_OBJC_IMPLEMENTATIONS = YES;
				CLANG_WARN_DIRECT_OBJC_ISA_USAGE = YES_ERROR;
				CLANG_WARN_DOCUMENTATION_COMMENTS = YES;
				CLANG_WARN_EMPTY_BODY = YES;
				CLANG_WARN_ENUM_CONVERSION = YES;
				CLANG_WARN_INFINITE_RECURSION = YES;
				CLANG_WARN_INT_CONVERSION = YES;
				CLANG_WARN_NON_LITERAL_NULL_CONVERSION = YES;
				CLANG_WARN_OBJC_IMPLICIT_RETAIN_SELF = YES;
				CLANG_WARN_OBJC_LITERAL_CONVERSION = YES;
				CLANG_WARN_OBJC_ROOT_CLASS = YES_ERROR;
				CLANG_WARN_RANGE_LOOP_ANALYSIS = YES;
				CLANG_WARN_STRICT_PROTOTYPES = YES;
				CLANG_WARN_SUSPICIOUS_MOVE = YES;
				CLANG_WARN_UNGUARDED_AVAILABILITY = YES_AGGRESSIVE;
				CLANG_WARN_UNREACHABLE_CODE = YES;
				CLANG_WARN__DUPLICATE_METHOD_MATCH = YES;
				CODE_SIGN_IDENTITY = "iPhone Developer";
				COPY_PHASE_STRIP = NO;
				DEBUG_INFORMATION_FORMAT = "dwarf-with-dsym";
				ENABLE_NS_ASSERTIONS = NO;
				ENABLE_STRICT_OBJC_MSGSEND = YES;
				GCC_C_LANGUAGE_STANDARD = gnu11;
				GCC_NO_COMMON_BLOCKS = YES;
				GCC_WARN_64_TO_32_BIT_CONVERSION = YES;
				GCC_WARN_ABOUT_RETURN_TYPE = YES_ERROR;
				GCC_WARN_UNDECLARED_SELECTOR = YES;
				GCC_WARN_UNINITIALIZED_AUTOS = YES_AGGRESSIVE;
				GCC_WARN_UNUSED_FUNCTION = YES;
				GCC_WARN_UNUSED_VARIABLE = YES;
				IPHONEOS_DEPLOYMENT_TARGET = 12.0;
				MTL_ENABLE_DEBUG_INFO = NO;
				MTL_FAST_MATH = YES;
				SDKROOT = iphoneos;
				SWIFT_COMPILATION_MODE = wholemodule;
				SWIFT_OPTIMIZATION_LEVEL = "-O";
				VALIDATE_PRODUCT = YES;
			};
			name = Release;
		};
		6ADFAA2721E540B700780010 /* Debug */ = {
			isa = XCBuildConfiguration;
			baseConfigurationReference = 65C59F1A8DE422DDC7189709 /* Pods-SecondTask.debug.xcconfig */;
			buildSettings = {
				ASSETCATALOG_COMPILER_APPICON_NAME = AppIcon;
				CODE_SIGN_STYLE = Automatic;
				DEVELOPMENT_TEAM = CVH85UHVWD;
				INFOPLIST_FILE = SecondTask/Info.plist;
				LD_RUNPATH_SEARCH_PATHS = (
					"$(inherited)",
					"@executable_path/Frameworks",
				);
				PRODUCT_BUNDLE_IDENTIFIER = georgi.malkhasyan.SecondTask;
				PRODUCT_NAME = "$(TARGET_NAME)";
				SWIFT_VERSION = 4.2;
				TARGETED_DEVICE_FAMILY = "1,2";
			};
			name = Debug;
		};
		6ADFAA2821E540B700780010 /* Release */ = {
			isa = XCBuildConfiguration;
			baseConfigurationReference = A879931FBAD1E6B686F65107 /* Pods-SecondTask.release.xcconfig */;
			buildSettings = {
				ASSETCATALOG_COMPILER_APPICON_NAME = AppIcon;
				CODE_SIGN_STYLE = Automatic;
				DEVELOPMENT_TEAM = CVH85UHVWD;
				INFOPLIST_FILE = SecondTask/Info.plist;
				LD_RUNPATH_SEARCH_PATHS = (
					"$(inherited)",
					"@executable_path/Frameworks",
				);
				PRODUCT_BUNDLE_IDENTIFIER = georgi.malkhasyan.SecondTask;
				PRODUCT_NAME = "$(TARGET_NAME)";
				SWIFT_VERSION = 4.2;
				TARGETED_DEVICE_FAMILY = "1,2";
			};
			name = Release;
		};
/* End XCBuildConfiguration section */

/* Begin XCConfigurationList section */
		6ADFAA0F21E540AF00780010 /* Build configuration list for PBXProject "SecondTask" */ = {
			isa = XCConfigurationList;
			buildConfigurations = (
				6ADFAA2421E540B700780010 /* Debug */,
				6ADFAA2521E540B700780010 /* Release */,
			);
			defaultConfigurationIsVisible = 0;
			defaultConfigurationName = Release;
		};
		6ADFAA2621E540B700780010 /* Build configuration list for PBXNativeTarget "SecondTask" */ = {
			isa = XCConfigurationList;
			buildConfigurations = (
				6ADFAA2721E540B700780010 /* Debug */,
				6ADFAA2821E540B700780010 /* Release */,
			);
			defaultConfigurationIsVisible = 0;
			defaultConfigurationName = Release;
		};
/* End XCConfigurationList section */
	};
	rootObject = 6ADFAA0C21E540AF00780010 /* Project object */;
}
